# This file is autogenerated, do not edit; changes may be undone by the next 'dep ensure'.


[[projects]]
  branch = "master"
  name = "code.cloudfoundry.org/gofileutils"
  packages = ["fileutils"]
  revision = "4d0c80011a0f37da1711c184028bc40137cd45af"

[[projects]]
  branch = "master"
  name = "code.cloudfoundry.org/lager"
  packages = [
    ".",
    "internal/truncate"
  ]
  revision = "54c4f2530ddeb742ce9c9ee26f5fa758d6c1b3b6"

[[projects]]
  name = "github.com/Masterminds/semver"
  packages = ["."]
  revision = "c7af12943936e8c39859482e61f0574c2fd7fc75"
  version = "v1.4.2"

[[projects]]
  branch = "master"
  name = "github.com/cloudfoundry-community/go-cfclient"
  packages = ["."]
  revision = "f136f9222381e2fea5099f62e4b751dcb660ff82"

[[projects]]
  name = "github.com/golang/protobuf"
  packages = ["proto"]
  revision = "b5d812f8a3706043e23a9cd5babf2e5423744d30"
  version = "v1.3.1"

[[projects]]
  name = "github.com/gorilla/mux"
  packages = ["."]
  revision = "a7962380ca08b5a188038c69871b8d3fbdf31e89"
  version = "v1.7.0"

[[projects]]
  name = "github.com/pivotal-cf/brokerapi"
  packages = [
    ".",
    "auth",
    "middlewares/originating_identity_header"
  ]
  revision = "4c4fa5e7f2e1a107797d91875abd3091d13d080b"
  version = "v4.2.3"

[[projects]]
  name = "github.com/pkg/errors"
  packages = ["."]
  revision = "ba968bfe8b2f7e042a574c888954fccecfa385b4"
  version = "v0.8.1"

[[projects]]
  branch = "master"
  name = "golang.org/x/net"
  packages = [
    "context",
    "context/ctxhttp"
  ]
  revision = "74de082e2cca95839e88aa0aeee5aadf6ce7710f"

[[projects]]
  branch = "master"
  name = "golang.org/x/oauth2"
  packages = [
    ".",
    "clientcredentials",
    "internal"
  ]
  revision = "c85d3e98c914e3a33234ad863dcbff5dbc425bb8"

[[projects]]
  name = "google.golang.org/appengine"
  packages = [
    "internal",
    "internal/base",
    "internal/datastore",
    "internal/log",
    "internal/remote_api",
    "internal/urlfetch",
    "urlfetch"
  ]
  revision = "54a98f90d1c46b7731eb8fb305d2a321c30ef610"
  version = "v1.5.0"

[[projects]]
  branch = "v2"
  name = "gopkg.in/yaml.v2"
  packages = ["."]
  revision = "7b8349ac747c6a24702b762d2c4fd9266cf4f1d6"

[solve-meta]
  analyzer-name = "dep"
  analyzer-version = 1
  inputs-digest = "3ca52377da5da9761bb931044cb7004338aa4582c0d0a954e9de24a82888ac17"
  solver-name = "gps-cdcl"
  solver-version = 1
